// !$*UTF8*$!
{
	archiveVersion = 1;
	classes = {
	};
	objectVersion = 50;
	objects = {

/* Begin PBXBuildFile section */
		A99CE295232C927E00EA310D /* AppDelegate.swift in Sources */ = {isa = PBXBuildFile; fileRef = A99CE294232C927E00EA310D /* AppDelegate.swift */; };
		A99CE297232C927E00EA310D /* ViewController.swift in Sources */ = {isa = PBXBuildFile; fileRef = A99CE296232C927E00EA310D /* ViewController.swift */; };
		A99CE29A232C927E00EA310D /* Main.storyboard in Resources */ = {isa = PBXBuildFile; fileRef = A99CE298232C927E00EA310D /* Main.storyboard */; };
		A99CE29C232C928000EA310D /* Assets.xcassets in Resources */ = {isa = PBXBuildFile; fileRef = A99CE29B232C928000EA310D /* Assets.xcassets */; };
		A99CE29F232C928000EA310D /* LaunchScreen.storyboard in Resources */ = {isa = PBXBuildFile; fileRef = A99CE29D232C928000EA310D /* LaunchScreen.storyboard */; };
		A99CE2A8232C940400EA310D /* Screen1ViewController.swift in Sources */ = {isa = PBXBuildFile; fileRef = A99CE2A6232C940400EA310D /* Screen1ViewController.swift */; };
		A99CE2A9232C940400EA310D /* Screen1ViewController.xib in Resources */ = {isa = PBXBuildFile; fileRef = A99CE2A7232C940400EA310D /* Screen1ViewController.xib */; };
		A99CE2AC232C941100EA310D /* Screen2ViewController.swift in Sources */ = {isa = PBXBuildFile; fileRef = A99CE2AA232C941100EA310D /* Screen2ViewController.swift */; };
		A99CE2AD232C941100EA310D /* Screen2ViewController.xib in Resources */ = {isa = PBXBuildFile; fileRef = A99CE2AB232C941100EA310D /* Screen2ViewController.xib */; };
		A99CE2B6232C9D2000EA310D /* MainViewController.swift in Sources */ = {isa = PBXBuildFile; fileRef = A99CE2B4232C9D2000EA310D /* MainViewController.swift */; };
		A99CE2B7232C9D2000EA310D /* MainViewController.xib in Resources */ = {isa = PBXBuildFile; fileRef = A99CE2B5232C9D2000EA310D /* MainViewController.xib */; };
		A99CE2B9232C9EE700EA310D /* Screen4ViewController.swift in Sources */ = {isa = PBXBuildFile; fileRef = A99CE2B8232C9EE700EA310D /* Screen4ViewController.swift */; };
/* End PBXBuildFile section */

/* Begin PBXFileReference section */
		A99CE291232C927E00EA310D /* TabBarController.app */ = {isa = PBXFileReference; explicitFileType = wrapper.application; includeInIndex = 0; path = TabBarController.app; sourceTree = BUILT_PRODUCTS_DIR; };
		A99CE294232C927E00EA310D /* AppDelegate.swift */ = {isa = PBXFileReference; lastKnownFileType = sourcecode.swift; path = AppDelegate.swift; sourceTree = "<group>"; };
		A99CE296232C927E00EA310D /* ViewController.swift */ = {isa = PBXFileReference; lastKnownFileType = sourcecode.swift; path = ViewController.swift; sourceTree = "<group>"; };
		A99CE299232C927E00EA310D /* Base */ = {isa = PBXFileReference; lastKnownFileType = file.storyboard; name = Base; path = Base.lproj/Main.storyboard; sourceTree = "<group>"; };
		A99CE29B232C928000EA310D /* Assets.xcassets */ = {isa = PBXFileReference; lastKnownFileType = folder.assetcatalog; path = Assets.xcassets; sourceTree = "<group>"; };
		A99CE29E232C928000EA310D /* Base */ = {isa = PBXFileReference; lastKnownFileType = file.storyboard; name = Base; path = Base.lproj/LaunchScreen.storyboard; sourceTree = "<group>"; };
		A99CE2A0232C928000EA310D /* Info.plist */ = {isa = PBXFileReference; lastKnownFileType = text.plist.xml; path = Info.plist; sourceTree = "<group>"; };
		A99CE2A6232C940400EA310D /* Screen1ViewController.swift */ = {isa = PBXFileReference; lastKnownFileType = sourcecode.swift; path = Screen1ViewController.swift; sourceTree = "<group>"; };
		A99CE2A7232C940400EA310D /* Screen1ViewController.xib */ = {isa = PBXFileReference; lastKnownFileType = file.xib; path = Screen1ViewController.xib; sourceTree = "<group>"; };
		A99CE2AA232C941100EA310D /* Screen2ViewController.swift */ = {isa = PBXFileReference; lastKnownFileType = sourcecode.swift; path = Screen2ViewController.swift; sourceTree = "<group>"; };
		A99CE2AB232C941100EA310D /* Screen2ViewController.xib */ = {isa = PBXFileReference; lastKnownFileType = file.xib; path = Screen2ViewController.xib; sourceTree = "<group>"; };
		A99CE2B4232C9D2000EA310D /* MainViewController.swift */ = {isa = PBXFileReference; lastKnownFileType = sourcecode.swift; path = MainViewController.swift; sourceTree = "<group>"; };
		A99CE2B5232C9D2000EA310D /* MainViewController.xib */ = {isa = PBXFileReference; lastKnownFileType = file.xib; path = MainViewController.xib; sourceTree = "<group>"; };
		A99CE2B8232C9EE700EA310D /* Screen4ViewController.swift */ = {isa = PBXFileReference; lastKnownFileType = sourcecode.swift; path = Screen4ViewController.swift; sourceTree = "<group>"; };
/* End PBXFileReference section */

/* Begin PBXFrameworksBuildPhase section */
		A99CE28E232C927E00EA310D /* Frameworks */ = {
			isa = PBXFrameworksBuildPhase;
			buildActionMask = 2147483647;
			files = (
			);
			runOnlyForDeploymentPostprocessing = 0;
		};
/* End PBXFrameworksBuildPhase section */

/* Begin PBXGroup section */
		A99CE288232C927E00EA310D = {
			isa = PBXGroup;
			children = (
				A99CE293232C927E00EA310D /* TabBarController */,
				A99CE292232C927E00EA310D /* Products */,
			);
			sourceTree = "<group>";
		};
		A99CE292232C927E00EA310D /* Products */ = {
			isa = PBXGroup;
			children = (
				A99CE291232C927E00EA310D /* TabBarController.app */,
			);
			name = Products;
			sourceTree = "<group>";
		};
		A99CE293232C927E00EA310D /* TabBarController */ = {
			isa = PBXGroup;
			children = (
				A99CE294232C927E00EA310D /* AppDelegate.swift */,
				A99CE296232C927E00EA310D /* ViewController.swift */,
				A99CE298232C927E00EA310D /* Main.storyboard */,
				A99CE29B232C928000EA310D /* Assets.xcassets */,
				A99CE29D232C928000EA310D /* LaunchScreen.storyboard */,
				A99CE2A0232C928000EA310D /* Info.plist */,
				A99CE2A6232C940400EA310D /* Screen1ViewController.swift */,
				A99CE2A7232C940400EA310D /* Screen1ViewController.xib */,
				A99CE2AA232C941100EA310D /* Screen2ViewController.swift */,
				A99CE2AB232C941100EA310D /* Screen2ViewController.xib */,
				A99CE2B4232C9D2000EA310D /* MainViewController.swift */,
				A99CE2B5232C9D2000EA310D /* MainViewController.xib */,
				A99CE2B8232C9EE700EA310D /* Screen4ViewController.swift */,
			);
			path = TabBarController;
			sourceTree = "<group>";
		};
/* End PBXGroup section */

/* Begin PBXNativeTarget section */
		A99CE290232C927E00EA310D /* TabBarController */ = {
			isa = PBXNativeTarget;
			buildConfigurationList = A99CE2A3232C928000EA310D /* Build configuration list for PBXNativeTarget "TabBarController" */;
			buildPhases = (
				A99CE28D232C927E00EA310D /* Sources */,
				A99CE28E232C927E00EA310D /* Frameworks */,
				A99CE28F232C927E00EA310D /* Resources */,
			);
			buildRules = (
			);
			dependencies = (
			);
			name = TabBarController;
			productName = TabBarController;
			productReference = A99CE291232C927E00EA310D /* TabBarController.app */;
			productType = "com.apple.product-type.application";
		};
/* End PBXNativeTarget section */

/* Begin PBXProject section */
		A99CE289232C927E00EA310D /* Project object */ = {
			isa = PBXProject;
			attributes = {
				LastSwiftUpdateCheck = 1020;
				LastUpgradeCheck = 1020;
				ORGANIZATIONNAME = Taof;
				TargetAttributes = {
					A99CE290232C927E00EA310D = {
						CreatedOnToolsVersion = 10.2.1;
					};
				};
			};
			buildConfigurationList = A99CE28C232C927E00EA310D /* Build configuration list for PBXProject "TabBarController" */;
			compatibilityVersion = "Xcode 9.3";
			developmentRegion = en;
			hasScannedForEncodings = 0;
			knownRegions = (
				en,
				Base,
			);
			mainGroup = A99CE288232C927E00EA310D;
			productRefGroup = A99CE292232C927E00EA310D /* Products */;
			projectDirPath = "";
			projectRoot = "";
			targets = (
				A99CE290232C927E00EA310D /* TabBarController */,
			);
		};
/* End PBXProject section */

/* Begin PBXResourcesBuildPhase section */
		A99CE28F232C927E00EA310D /* Resources */ = {
			isa = PBXResourcesBuildPhase;
			buildActionMask = 2147483647;
			files = (
				A99CE29F232C928000EA310D /* LaunchScreen.storyboard in Resources */,
				A99CE2B7232C9D2000EA310D /* MainViewController.xib in Resources */,
				A99CE29C232C928000EA310D /* Assets.xcassets in Resources */,
				A99CE2A9232C940400EA310D /* Screen1ViewController.xib in Resources */,
				A99CE2AD232C941100EA310D /* Screen2ViewController.xib in Resources */,
				A99CE29A232C927E00EA310D /* Main.storyboard in Resources */,
			);
			runOnlyForDeploymentPostprocessing = 0;
		};
/* End PBXResourcesBuildPhase section */

/* Begin PBXSourcesBuildPhase section */
		A99CE28D232C927E00EA310D /* Sources */ = {
			isa = PBXSourcesBuildPhase;
			buildActionMask = 2147483647;
			files = (
				A99CE297232C927E00EA310D /* ViewController.swift in Sources */,
				A99CE2B9232C9EE700EA310D /* Screen4ViewController.swift in Sources */,
				A99CE2A8232C940400EA310D /* Screen1ViewController.swift in Sources */,
				A99CE295232C927E00EA310D /* AppDelegate.swift in Sources */,
				A99CE2AC232C941100EA310D /* Screen2ViewController.swift in Sources */,
				A99CE2B6232C9D2000EA310D /* MainViewController.swift in Sources */,
			);
			runOnlyForDeploymentPostprocessing = 0;
		};
/* End PBXSourcesBuildPhase section */

/* Begin PBXVariantGroup section */
		A99CE298232C927E00EA310D /* Main.storyboard */ = {
			isa = PBXVariantGroup;
			children = (
				A99CE299232C927E00EA310D /* Base */,
			);
			name = Main.storyboard;
			sourceTree = "<group>";
		};
		A99CE29D232C928000EA310D /* LaunchScreen.storyboard */ = {
			isa = PBXVariantGroup;
			children = (
				A99CE29E232C928000EA310D /* Base */,
			);
			name = LaunchScreen.storyboard;
			sourceTree = "<group>";
		};
/* End PBXVariantGroup section */

/* Begin XCBuildConfiguration section */
		A99CE2A1232C928000EA310D /* Debug */ = {
			isa = XCBuildConfiguration;
			buildSettings = {
				ALWAYS_SEARCH_USER_PATHS = NO;
				CLANG_ANALYZER_NONNULL = YES;
				CLANG_ANALYZER_NUMBER_OBJECT_CONVERSION = YES_AGGRESSIVE;
				CLANG_CXX_LANGUAGE_STANDARD = "gnu++14";
				CLANG_CXX_LIBRARY = "libc++";
				CLANG_ENABLE_MODULES = YES;
				CLANG_ENABLE_OBJC_ARC = YES;
				CLANG_ENABLE_OBJC_WEAK = YES;
				CLANG_WARN_BLOCK_CAPTURE_AUTORELEASING = YES;
				CLANG_WARN_BOOL_CONVERSION = YES;
				CLANG_WARN_COMMA = YES;
				CLANG_WARN_CONSTANT_CONVERSION = YES;
				CLANG_WARN_DEPRECATED_OBJC_IMPLEMENTATIONS = YES;
				CLANG_WARN_DIRECT_OBJC_ISA_USAGE = YES_ERROR;
				CLANG_WARN_DOCUMENTATION_COMMENTS = YES;
				CLANG_WARN_EMPTY_BODY = YES;
				CLANG_WARN_ENUM_CONVERSION = YES;
				CLANG_WARN_INFINITE_RECURSION = YES;
				CLANG_WARN_INT_CONVERSION = YES;
				CLANG_WARN_NON_LITERAL_NULL_CONVERSION = YES;
				CLANG_WARN_OBJC_IMPLICIT_RETAIN_SELF = YES;
				CLANG_WARN_OBJC_LITERAL_CONVERSION = YES;
				CLANG_WARN_OBJC_ROOT_CLASS = YES_ERROR;
				CLANG_WARN_RANGE_LOOP_ANALYSIS = YES;
				CLANG_WARN_STRICT_PROTOTYPES = YES;
				CLANG_WARN_SUSPICIOUS_MOVE = YES;
				CLANG_WARN_UNGUARDED_AVAILABILITY = YES_AGGRESSIVE;
				CLANG_WARN_UNREACHABLE_CODE = YES;
				CLANG_WARN__DUPLICATE_METHOD_MATCH = YES;
				CODE_SIGN_IDENTITY = "iPhone Developer";
				COPY_PHASE_STRIP = NO;
				DEBUG_INFORMATION_FORMAT = dwarf;
				ENABLE_STRICT_OBJC_MSGSEND = YES;
				ENABLE_TESTABILITY = YES;
				GCC_C_LANGUAGE_STANDARD = gnu11;
				GCC_DYNAMIC_NO_PIC = NO;
				GCC_NO_COMMON_BLOCKS = YES;
				GCC_OPTIMIZATION_LEVEL = 0;
				GCC_PREPROCESSOR_DEFINITIONS = (
					"DEBUG=1",
					"$(inherited)",
				);
				GCC_WARN_64_TO_32_BIT_CONVERSION = YES;
				GCC_WARN_ABOUT_RETURN_TYPE = YES_ERROR;
				GCC_WARN_UNDECLARED_SELECTOR = YES;
				GCC_WARN_UNINITIALIZED_AUTOS = YES_AGGRESSIVE;
				GCC_WARN_UNUSED_FUNCTION = YES;
				GCC_WARN_UNUSED_VARIABLE = YES;
				IPHONEOS_DEPLOYMENT_TARGET = 12.2;
				MTL_ENABLE_DEBUG_INFO = INCLUDE_SOURCE;
				MTL_FAST_MATH = YES;
				ONLY_ACTIVE_ARCH = YES;
				SDKROOT = iphoneos;
				SWIFT_ACTIVE_COMPILATION_CONDITIONS = DEBUG;
				SWIFT_OPTIMIZATION_LEVEL = "-Onone";
			};
			name = Debug;
		};
		A99CE2A2232C928000EA310D /* Release */ = {
			isa = XCBuildConfiguration;
			buildSettings = {
				ALWAYS_SEARCH_USER_PATHS = NO;
				CLANG_ANALYZER_NONNULL = YES;
				CLANG_ANALYZER_NUMBER_OBJECT_CONVERSION = YES_AGGRESSIVE;
				CLANG_CXX_LANGUAGE_STANDARD = "gnu++14";
				CLANG_CXX_LIBRARY = "libc++";
				CLANG_ENABLE_MODULES = YES;
				CLANG_ENABLE_OBJC_ARC = YES;
				CLANG_ENABLE_OBJC_WEAK = YES;
				CLANG_WARN_BLOCK_CAPTURE_AUTORELEASING = YES;
				CLANG_WARN_BOOL_CONVERSION = YES;
				CLANG_WARN_COMMA = YES;
				CLANG_WARN_CONSTANT_CONVERSION = YES;
				CLANG_WARN_DEPRECATED_OBJC_IMPLEMENTATIONS = YES;
				CLANG_WARN_DIRECT_OBJC_ISA_USAGE = YES_ERROR;
				CLANG_WARN_DOCUMENTATION_COMMENTS = YES;
				CLANG_WARN_EMPTY_BODY = YES;
				CLANG_WARN_ENUM_CONVERSION = YES;
				CLANG_WARN_INFINITE_RECURSION = YES;
				CLANG_WARN_INT_CONVERSION = YES;
				CLANG_WARN_NON_LITERAL_NULL_CONVERSION = YES;
				CLANG_WARN_OBJC_IMPLICIT_RETAIN_SELF = YES;
				CLANG_WARN_OBJC_LITERAL_CONVERSION = YES;
				CLANG_WARN_OBJC_ROOT_CLASS = YES_ERROR;
				CLANG_WARN_RANGE_LOOP_ANALYSIS = YES;
				CLANG_WARN_STRICT_PROTOTYPES = YES;
				CLANG_WARN_SUSPICIOUS_MOVE = YES;
				CLANG_WARN_UNGUARDED_AVAILABILITY = YES_AGGRESSIVE;
				CLANG_WARN_UNREACHABLE_CODE = YES;
				CLANG_WARN__DUPLICATE_METHOD_MATCH = YES;
				CODE_SIGN_IDENTITY = "iPhone Developer";
				COPY_PHASE_STRIP = NO;
				DEBUG_INFORMATION_FORMAT = "dwarf-with-dsym";
				ENABLE_NS_ASSERTIONS = NO;
				ENABLE_STRICT_OBJC_MSGSEND = YES;
				GCC_C_LANGUAGE_STANDARD = gnu11;
				GCC_NO_COMMON_BLOCKS = YES;
				GCC_WARN_64_TO_32_BIT_CONVERSION = YES;
				GCC_WARN_ABOUT_RETURN_TYPE = YES_ERROR;
				GCC_WARN_UNDECLARED_SELECTOR = YES;
				GCC_WARN_UNINITIALIZED_AUTOS = YES_AGGRESSIVE;
				GCC_WARN_UNUSED_FUNCTION = YES;
				GCC_WARN_UNUSED_VARIABLE = YES;
				IPHONEOS_DEPLOYMENT_TARGET = 12.2;
				MTL_ENABLE_DEBUG_INFO = NO;
				MTL_FAST_MATH = YES;
				SDKROOT = iphoneos;
				SWIFT_COMPILATION_MODE = wholemodule;
				SWIFT_OPTIMIZATION_LEVEL = "-O";
				VALIDATE_PRODUCT = YES;
			};
			name = Release;
		};
		A99CE2A4232C928000EA310D /* Debug */ = {
			isa = XCBuildConfiguration;
			buildSettings = {
				ASSETCATALOG_COMPILER_APPICON_NAME = AppIcon;
				CODE_SIGN_STYLE = Automatic;
				INFOPLIST_FILE = TabBarController/Info.plist;
				LD_RUNPATH_SEARCH_PATHS = (
					"$(inherited)",
					"@executable_path/Frameworks",
				);
				PRODUCT_BUNDLE_IDENTIFIER = com.taoquynh.TabBarController;
				PRODUCT_NAME = "$(TARGET_NAME)";
				SWIFT_VERSION = 5.0;
				TARGETED_DEVICE_FAMILY = "1,2";
			};
			name = Debug;
		};
		A99CE2A5232C928000EA310D /* Release */ = {
			isa = XCBuildConfiguration;
			buildSettings = {
				ASSETCATALOG_COMPILER_APPICON_NAME = AppIcon;
				CODE_SIGN_STYLE = Automatic;
				INFOPLIST_FILE = TabBarController/Info.plist;
				LD_RUNPATH_SEARCH_PATHS = (
					"$(inherited)",
					"@executable_path/Frameworks",
				);
				PRODUCT_BUNDLE_IDENTIFIER = com.taoquynh.TabBarController;
				PRODUCT_NAME = "$(TARGET_NAME)";
				SWIFT_VERSION = 5.0;
				TARGETED_DEVICE_FAMILY = "1,2";
			};
			name = Release;
		};
/* End XCBuildConfiguration section */

/* Begin XCConfigurationList section */
		A99CE28C232C927E00EA310D /* Build configuration list for PBXProject "TabBarController" */ = {
			isa = XCConfigurationList;
			buildConfigurations = (
				A99CE2A1232C928000EA310D /* Debug */,
				A99CE2A2232C928000EA310D /* Release */,
			);
			defaultConfigurationIsVisible = 0;
			defaultConfigurationName = Release;
		};
		A99CE2A3232C928000EA310D /* Build configuration list for PBXNativeTarget "TabBarController" */ = {
			isa = XCConfigurationList;
			buildConfigurations = (
				A99CE2A4232C928000EA310D /* Debug */,
				A99CE2A5232C928000EA310D /* Release */,
			);
			defaultConfigurationIsVisible = 0;
			defaultConfigurationName = Release;
		};
/* End XCConfigurationList section */
	};
	rootObject = A99CE289232C927E00EA310D /* Project object */;
}
