// !$*UTF8*$!
{
	archiveVersion = 1;
	classes = {
	};
	objectVersion = 50;
	objects = {

/* Begin PBXBuildFile section */
		A943F95D236C28CA00DEE5C0 /* AppDelegate.swift in Sources */ = {isa = PBXBuildFile; fileRef = A943F95C236C28CA00DEE5C0 /* AppDelegate.swift */; };
		A943F95F236C28CA00DEE5C0 /* SceneDelegate.swift in Sources */ = {isa = PBXBuildFile; fileRef = A943F95E236C28CA00DEE5C0 /* SceneDelegate.swift */; };
		A943F961236C28CA00DEE5C0 /* ViewController.swift in Sources */ = {isa = PBXBuildFile; fileRef = A943F960236C28CA00DEE5C0 /* ViewController.swift */; };
		A943F964236C28CA00DEE5C0 /* Main.storyboard in Resources */ = {isa = PBXBuildFile; fileRef = A943F962236C28CA00DEE5C0 /* Main.storyboard */; };
		A943F966236C28CB00DEE5C0 /* Assets.xcassets in Resources */ = {isa = PBXBuildFile; fileRef = A943F965236C28CB00DEE5C0 /* Assets.xcassets */; };
		A943F969236C28CB00DEE5C0 /* LaunchScreen.storyboard in Resources */ = {isa = PBXBuildFile; fileRef = A943F967236C28CB00DEE5C0 /* LaunchScreen.storyboard */; };
		A943F973236C2BA500DEE5C0 /* TPKeyboardAvoidingSwift.swift in Sources */ = {isa = PBXBuildFile; fileRef = A943F972236C2BA500DEE5C0 /* TPKeyboardAvoidingSwift.swift */; };
/* End PBXBuildFile section */

/* Begin PBXFileReference section */
		A943F959236C28CA00DEE5C0 /* KeyboardAvoiding.app */ = {isa = PBXFileReference; explicitFileType = wrapper.application; includeInIndex = 0; path = KeyboardAvoiding.app; sourceTree = BUILT_PRODUCTS_DIR; };
		A943F95C236C28CA00DEE5C0 /* AppDelegate.swift */ = {isa = PBXFileReference; lastKnownFileType = sourcecode.swift; path = AppDelegate.swift; sourceTree = "<group>"; };
		A943F95E236C28CA00DEE5C0 /* SceneDelegate.swift */ = {isa = PBXFileReference; lastKnownFileType = sourcecode.swift; path = SceneDelegate.swift; sourceTree = "<group>"; };
		A943F960236C28CA00DEE5C0 /* ViewController.swift */ = {isa = PBXFileReference; lastKnownFileType = sourcecode.swift; path = ViewController.swift; sourceTree = "<group>"; };
		A943F963236C28CA00DEE5C0 /* Base */ = {isa = PBXFileReference; lastKnownFileType = file.storyboard; name = Base; path = Base.lproj/Main.storyboard; sourceTree = "<group>"; };
		A943F965236C28CB00DEE5C0 /* Assets.xcassets */ = {isa = PBXFileReference; lastKnownFileType = folder.assetcatalog; path = Assets.xcassets; sourceTree = "<group>"; };
		A943F968236C28CB00DEE5C0 /* Base */ = {isa = PBXFileReference; lastKnownFileType = file.storyboard; name = Base; path = Base.lproj/LaunchScreen.storyboard; sourceTree = "<group>"; };
		A943F96A236C28CB00DEE5C0 /* Info.plist */ = {isa = PBXFileReference; lastKnownFileType = text.plist.xml; path = Info.plist; sourceTree = "<group>"; };
		A943F972236C2BA500DEE5C0 /* TPKeyboardAvoidingSwift.swift */ = {isa = PBXFileReference; fileEncoding = 4; lastKnownFileType = sourcecode.swift; path = TPKeyboardAvoidingSwift.swift; sourceTree = "<group>"; };
/* End PBXFileReference section */

/* Begin PBXFrameworksBuildPhase section */
		A943F956236C28CA00DEE5C0 /* Frameworks */ = {
			isa = PBXFrameworksBuildPhase;
			buildActionMask = 2147483647;
			files = (
			);
			runOnlyForDeploymentPostprocessing = 0;
		};
/* End PBXFrameworksBuildPhase section */

/* Begin PBXGroup section */
		A943F950236C28CA00DEE5C0 = {
			isa = PBXGroup;
			children = (
				A943F95B236C28CA00DEE5C0 /* KeyboardAvoiding */,
				A943F95A236C28CA00DEE5C0 /* Products */,
			);
			sourceTree = "<group>";
		};
		A943F95A236C28CA00DEE5C0 /* Products */ = {
			isa = PBXGroup;
			children = (
				A943F959236C28CA00DEE5C0 /* KeyboardAvoiding.app */,
			);
			name = Products;
			sourceTree = "<group>";
		};
		A943F95B236C28CA00DEE5C0 /* KeyboardAvoiding */ = {
			isa = PBXGroup;
			children = (
				A943F972236C2BA500DEE5C0 /* TPKeyboardAvoidingSwift.swift */,
				A943F95C236C28CA00DEE5C0 /* AppDelegate.swift */,
				A943F95E236C28CA00DEE5C0 /* SceneDelegate.swift */,
				A943F960236C28CA00DEE5C0 /* ViewController.swift */,
				A943F962236C28CA00DEE5C0 /* Main.storyboard */,
				A943F965236C28CB00DEE5C0 /* Assets.xcassets */,
				A943F967236C28CB00DEE5C0 /* LaunchScreen.storyboard */,
				A943F96A236C28CB00DEE5C0 /* Info.plist */,
			);
			path = KeyboardAvoiding;
			sourceTree = "<group>";
		};
/* End PBXGroup section */

/* Begin PBXNativeTarget section */
		A943F958236C28CA00DEE5C0 /* KeyboardAvoiding */ = {
			isa = PBXNativeTarget;
			buildConfigurationList = A943F96D236C28CB00DEE5C0 /* Build configuration list for PBXNativeTarget "KeyboardAvoiding" */;
			buildPhases = (
				A943F955236C28CA00DEE5C0 /* Sources */,
				A943F956236C28CA00DEE5C0 /* Frameworks */,
				A943F957236C28CA00DEE5C0 /* Resources */,
			);
			buildRules = (
			);
			dependencies = (
			);
			name = KeyboardAvoiding;
			productName = KeyboardAvoiding;
			productReference = A943F959236C28CA00DEE5C0 /* KeyboardAvoiding.app */;
			productType = "com.apple.product-type.application";
		};
/* End PBXNativeTarget section */

/* Begin PBXProject section */
		A943F951236C28CA00DEE5C0 /* Project object */ = {
			isa = PBXProject;
			attributes = {
				LastSwiftUpdateCheck = 1110;
				LastUpgradeCheck = 1110;
				ORGANIZATIONNAME = Taof;
				TargetAttributes = {
					A943F958236C28CA00DEE5C0 = {
						CreatedOnToolsVersion = 11.1;
					};
				};
			};
			buildConfigurationList = A943F954236C28CA00DEE5C0 /* Build configuration list for PBXProject "KeyboardAvoiding" */;
			compatibilityVersion = "Xcode 9.3";
			developmentRegion = en;
			hasScannedForEncodings = 0;
			knownRegions = (
				en,
				Base,
			);
			mainGroup = A943F950236C28CA00DEE5C0;
			productRefGroup = A943F95A236C28CA00DEE5C0 /* Products */;
			projectDirPath = "";
			projectRoot = "";
			targets = (
				A943F958236C28CA00DEE5C0 /* KeyboardAvoiding */,
			);
		};
/* End PBXProject section */

/* Begin PBXResourcesBuildPhase section */
		A943F957236C28CA00DEE5C0 /* Resources */ = {
			isa = PBXResourcesBuildPhase;
			buildActionMask = 2147483647;
			files = (
				A943F969236C28CB00DEE5C0 /* LaunchScreen.storyboard in Resources */,
				A943F966236C28CB00DEE5C0 /* Assets.xcassets in Resources */,
				A943F964236C28CA00DEE5C0 /* Main.storyboard in Resources */,
			);
			runOnlyForDeploymentPostprocessing = 0;
		};
/* End PBXResourcesBuildPhase section */

/* Begin PBXSourcesBuildPhase section */
		A943F955236C28CA00DEE5C0 /* Sources */ = {
			isa = PBXSourcesBuildPhase;
			buildActionMask = 2147483647;
			files = (
				A943F961236C28CA00DEE5C0 /* ViewController.swift in Sources */,
				A943F95D236C28CA00DEE5C0 /* AppDelegate.swift in Sources */,
				A943F95F236C28CA00DEE5C0 /* SceneDelegate.swift in Sources */,
				A943F973236C2BA500DEE5C0 /* TPKeyboardAvoidingSwift.swift in Sources */,
			);
			runOnlyForDeploymentPostprocessing = 0;
		};
/* End PBXSourcesBuildPhase section */

/* Begin PBXVariantGroup section */
		A943F962236C28CA00DEE5C0 /* Main.storyboard */ = {
			isa = PBXVariantGroup;
			children = (
				A943F963236C28CA00DEE5C0 /* Base */,
			);
			name = Main.storyboard;
			sourceTree = "<group>";
		};
		A943F967236C28CB00DEE5C0 /* LaunchScreen.storyboard */ = {
			isa = PBXVariantGroup;
			children = (
				A943F968236C28CB00DEE5C0 /* Base */,
			);
			name = LaunchScreen.storyboard;
			sourceTree = "<group>";
		};
/* End PBXVariantGroup section */

/* Begin XCBuildConfiguration section */
		A943F96B236C28CB00DEE5C0 /* Debug */ = {
			isa = XCBuildConfiguration;
			buildSettings = {
				ALWAYS_SEARCH_USER_PATHS = NO;
				CLANG_ANALYZER_NONNULL = YES;
				CLANG_ANALYZER_NUMBER_OBJECT_CONVERSION = YES_AGGRESSIVE;
				CLANG_CXX_LANGUAGE_STANDARD = "gnu++14";
				CLANG_CXX_LIBRARY = "libc++";
				CLANG_ENABLE_MODULES = YES;
				CLANG_ENABLE_OBJC_ARC = YES;
				CLANG_ENABLE_OBJC_WEAK = YES;
				CLANG_WARN_BLOCK_CAPTURE_AUTORELEASING = YES;
				CLANG_WARN_BOOL_CONVERSION = YES;
				CLANG_WARN_COMMA = YES;
				CLANG_WARN_CONSTANT_CONVERSION = YES;
				CLANG_WARN_DEPRECATED_OBJC_IMPLEMENTATIONS = YES;
				CLANG_WARN_DIRECT_OBJC_ISA_USAGE = YES_ERROR;
				CLANG_WARN_DOCUMENTATION_COMMENTS = YES;
				CLANG_WARN_EMPTY_BODY = YES;
				CLANG_WARN_ENUM_CONVERSION = YES;
				CLANG_WARN_INFINITE_RECURSION = YES;
				CLANG_WARN_INT_CONVERSION = YES;
				CLANG_WARN_NON_LITERAL_NULL_CONVERSION = YES;
				CLANG_WARN_OBJC_IMPLICIT_RETAIN_SELF = YES;
				CLANG_WARN_OBJC_LITERAL_CONVERSION = YES;
				CLANG_WARN_OBJC_ROOT_CLASS = YES_ERROR;
				CLANG_WARN_RANGE_LOOP_ANALYSIS = YES;
				CLANG_WARN_STRICT_PROTOTYPES = YES;
				CLANG_WARN_SUSPICIOUS_MOVE = YES;
				CLANG_WARN_UNGUARDED_AVAILABILITY = YES_AGGRESSIVE;
				CLANG_WARN_UNREACHABLE_CODE = YES;
				CLANG_WARN__DUPLICATE_METHOD_MATCH = YES;
				COPY_PHASE_STRIP = NO;
				DEBUG_INFORMATION_FORMAT = dwarf;
				ENABLE_STRICT_OBJC_MSGSEND = YES;
				ENABLE_TESTABILITY = YES;
				GCC_C_LANGUAGE_STANDARD = gnu11;
				GCC_DYNAMIC_NO_PIC = NO;
				GCC_NO_COMMON_BLOCKS = YES;
				GCC_OPTIMIZATION_LEVEL = 0;
				GCC_PREPROCESSOR_DEFINITIONS = (
					"DEBUG=1",
					"$(inherited)",
				);
				GCC_WARN_64_TO_32_BIT_CONVERSION = YES;
				GCC_WARN_ABOUT_RETURN_TYPE = YES_ERROR;
				GCC_WARN_UNDECLARED_SELECTOR = YES;
				GCC_WARN_UNINITIALIZED_AUTOS = YES_AGGRESSIVE;
				GCC_WARN_UNUSED_FUNCTION = YES;
				GCC_WARN_UNUSED_VARIABLE = YES;
				IPHONEOS_DEPLOYMENT_TARGET = 13.1;
				MTL_ENABLE_DEBUG_INFO = INCLUDE_SOURCE;
				MTL_FAST_MATH = YES;
				ONLY_ACTIVE_ARCH = YES;
				SDKROOT = iphoneos;
				SWIFT_ACTIVE_COMPILATION_CONDITIONS = DEBUG;
				SWIFT_OPTIMIZATION_LEVEL = "-Onone";
			};
			name = Debug;
		};
		A943F96C236C28CB00DEE5C0 /* Release */ = {
			isa = XCBuildConfiguration;
			buildSettings = {
				ALWAYS_SEARCH_USER_PATHS = NO;
				CLANG_ANALYZER_NONNULL = YES;
				CLANG_ANALYZER_NUMBER_OBJECT_CONVERSION = YES_AGGRESSIVE;
				CLANG_CXX_LANGUAGE_STANDARD = "gnu++14";
				CLANG_CXX_LIBRARY = "libc++";
				CLANG_ENABLE_MODULES = YES;
				CLANG_ENABLE_OBJC_ARC = YES;
				CLANG_ENABLE_OBJC_WEAK = YES;
				CLANG_WARN_BLOCK_CAPTURE_AUTORELEASING = YES;
				CLANG_WARN_BOOL_CONVERSION = YES;
				CLANG_WARN_COMMA = YES;
				CLANG_WARN_CONSTANT_CONVERSION = YES;
				CLANG_WARN_DEPRECATED_OBJC_IMPLEMENTATIONS = YES;
				CLANG_WARN_DIRECT_OBJC_ISA_USAGE = YES_ERROR;
				CLANG_WARN_DOCUMENTATION_COMMENTS = YES;
				CLANG_WARN_EMPTY_BODY = YES;
				CLANG_WARN_ENUM_CONVERSION = YES;
				CLANG_WARN_INFINITE_RECURSION = YES;
				CLANG_WARN_INT_CONVERSION = YES;
				CLANG_WARN_NON_LITERAL_NULL_CONVERSION = YES;
				CLANG_WARN_OBJC_IMPLICIT_RETAIN_SELF = YES;
				CLANG_WARN_OBJC_LITERAL_CONVERSION = YES;
				CLANG_WARN_OBJC_ROOT_CLASS = YES_ERROR;
				CLANG_WARN_RANGE_LOOP_ANALYSIS = YES;
				CLANG_WARN_STRICT_PROTOTYPES = YES;
				CLANG_WARN_SUSPICIOUS_MOVE = YES;
				CLANG_WARN_UNGUARDED_AVAILABILITY = YES_AGGRESSIVE;
				CLANG_WARN_UNREACHABLE_CODE = YES;
				CLANG_WARN__DUPLICATE_METHOD_MATCH = YES;
				COPY_PHASE_STRIP = NO;
				DEBUG_INFORMATION_FORMAT = "dwarf-with-dsym";
				ENABLE_NS_ASSERTIONS = NO;
				ENABLE_STRICT_OBJC_MSGSEND = YES;
				GCC_C_LANGUAGE_STANDARD = gnu11;
				GCC_NO_COMMON_BLOCKS = YES;
				GCC_WARN_64_TO_32_BIT_CONVERSION = YES;
				GCC_WARN_ABOUT_RETURN_TYPE = YES_ERROR;
				GCC_WARN_UNDECLARED_SELECTOR = YES;
				GCC_WARN_UNINITIALIZED_AUTOS = YES_AGGRESSIVE;
				GCC_WARN_UNUSED_FUNCTION = YES;
				GCC_WARN_UNUSED_VARIABLE = YES;
				IPHONEOS_DEPLOYMENT_TARGET = 13.1;
				MTL_ENABLE_DEBUG_INFO = NO;
				MTL_FAST_MATH = YES;
				SDKROOT = iphoneos;
				SWIFT_COMPILATION_MODE = wholemodule;
				SWIFT_OPTIMIZATION_LEVEL = "-O";
				VALIDATE_PRODUCT = YES;
			};
			name = Release;
		};
		A943F96E236C28CB00DEE5C0 /* Debug */ = {
			isa = XCBuildConfiguration;
			buildSettings = {
				ASSETCATALOG_COMPILER_APPICON_NAME = AppIcon;
				CODE_SIGN_STYLE = Automatic;
				INFOPLIST_FILE = KeyboardAvoiding/Info.plist;
				LD_RUNPATH_SEARCH_PATHS = (
					"$(inherited)",
					"@executable_path/Frameworks",
				);
				PRODUCT_BUNDLE_IDENTIFIER = com.taoquynh.KeyboardAvoiding;
				PRODUCT_NAME = "$(TARGET_NAME)";
				SWIFT_VERSION = 5.0;
				TARGETED_DEVICE_FAMILY = "1,2";
			};
			name = Debug;
		};
		A943F96F236C28CB00DEE5C0 /* Release */ = {
			isa = XCBuildConfiguration;
			buildSettings = {
				ASSETCATALOG_COMPILER_APPICON_NAME = AppIcon;
				CODE_SIGN_STYLE = Automatic;
				INFOPLIST_FILE = KeyboardAvoiding/Info.plist;
				LD_RUNPATH_SEARCH_PATHS = (
					"$(inherited)",
					"@executable_path/Frameworks",
				);
				PRODUCT_BUNDLE_IDENTIFIER = com.taoquynh.KeyboardAvoiding;
				PRODUCT_NAME = "$(TARGET_NAME)";
				SWIFT_VERSION = 5.0;
				TARGETED_DEVICE_FAMILY = "1,2";
			};
			name = Release;
		};
/* End XCBuildConfiguration section */

/* Begin XCConfigurationList section */
		A943F954236C28CA00DEE5C0 /* Build configuration list for PBXProject "KeyboardAvoiding" */ = {
			isa = XCConfigurationList;
			buildConfigurations = (
				A943F96B236C28CB00DEE5C0 /* Debug */,
				A943F96C236C28CB00DEE5C0 /* Release */,
			);
			defaultConfigurationIsVisible = 0;
			defaultConfigurationName = Release;
		};
		A943F96D236C28CB00DEE5C0 /* Build configuration list for PBXNativeTarget "KeyboardAvoiding" */ = {
			isa = XCConfigurationList;
			buildConfigurations = (
				A943F96E236C28CB00DEE5C0 /* Debug */,
				A943F96F236C28CB00DEE5C0 /* Release */,
			);
			defaultConfigurationIsVisible = 0;
			defaultConfigurationName = Release;
		};
/* End XCConfigurationList section */
	};
	rootObject = A943F951236C28CA00DEE5C0 /* Project object */;
}
